
Microsoft Visual Studio Solution File, Format Version 12.00
# Visual Studio Version 17
VisualStudioVersion = 17.5.002.0
MinimumVisualStudioVersion = 10.0.40219.1
Project("{9A19103F-16F7-4668-BE54-9A1E7A4F7556}") = "Conversor de Moedas - C#", "Conversor de Moedas - C#.csproj", "{028AA276-C996-49EA-B6DD-2E4DD4A91A06}"
EndProject
Global
	GlobalSection(SolutionConfigurationPlatforms) = preSolution
		Debug|Any CPU = Debug|Any CPU
		Release|Any CPU = Release|Any CPU
	EndGlobalSection
	GlobalSection(ProjectConfigurationPlatforms) = postSolution
		{028AA276-C996-49EA-B6DD-2E4DD4A91A06}.Debug|Any CPU.ActiveCfg = Debug|Any CPU
		{028AA276-C996-49EA-B6DD-2E4DD4A91A06}.Debug|Any CPU.Build.0 = Debug|Any CPU
		{028AA276-C996-49EA-B6DD-2E4DD4A91A06}.Release|Any CPU.ActiveCfg = Release|Any CPU
		{028AA276-C996-49EA-B6DD-2E4DD4A91A06}.Release|Any CPU.Build.0 = Release|Any CPU
	EndGlobalSection
	GlobalSection(SolutionProperties) = preSolution
		HideSolutionNode = FALSE
	EndGlobalSection
	GlobalSection(ExtensibilityGlobals) = postSolution
		SolutionGuid = {550F707E-7AF6-447F-BDFE-1591AE932A7A}
	EndGlobalSection
EndGlobal
